
Microsoft Visual Studio Solution File, Format Version 12.00
# Visual Studio Version 17
VisualStudioVersion = 17.8.34601.278
MinimumVisualStudioVersion = 10.0.40219.1
Project("{FAE04EC0-301F-11D3-BF4B-00C04F79EFBC}") = "DamageCalculator", "DamageCalculator.csproj", "{EE800B84-8BBA-4235-BC98-16048EF01DC6}"
EndProject
Global
	GlobalSection(SolutionConfigurationPlatforms) = preSolution
		Debug|Any CPU = Debug|Any CPU
		Release|Any CPU = Release|Any CPU
	EndGlobalSection
	GlobalSection(ProjectConfigurationPlatforms) = postSolution
		{EE800B84-8BBA-4235-BC98-16048EF01DC6}.Debug|Any CPU.ActiveCfg = Debug|Any CPU
		{EE800B84-8BBA-4235-BC98-16048EF01DC6}.Debug|Any CPU.Build.0 = Debug|Any CPU
		{EE800B84-8BBA-4235-BC98-16048EF01DC6}.Release|Any CPU.ActiveCfg = Release|Any CPU
		{EE800B84-8BBA-4235-BC98-16048EF01DC6}.Release|Any CPU.Build.0 = Release|Any CPU
	EndGlobalSection
	GlobalSection(SolutionProperties) = preSolution
		HideSolutionNode = FALSE
	EndGlobalSection
	GlobalSection(ExtensibilityGlobals) = postSolution
		SolutionGuid = {59706BA6-7000-4A98-A963-3D8CE1B5A6EA}
	EndGlobalSection
EndGlobal
